
Microsoft Visual Studio Solution File, Format Version 12.00
# Visual Studio 15
VisualStudioVersion = 15.0.26430.12
MinimumVisualStudioVersion = 10.0.40219.1
Project("{FAE04EC0-301F-11D3-BF4B-00C04F79EFBC}") = "EI_OpgaveApp.Android", "EI OpgaveApp\EI_OpgaveApp.Android\EI_OpgaveApp.Android.csproj", "{A7017111-4CE1-4F8B-8CAA-8ED8AEDE00DC}"
EndProject
Project("{FAE04EC0-301F-11D3-BF4B-00C04F79EFBC}") = "EI_OpgaveApp", "EI OpgaveApp\EI_OpgaveApp\EI_OpgaveApp.csproj", "{AE01FDFC-AF49-4A09-B102-A93A41EB628B}"
EndProject
Project("{FAE04EC0-301F-11D3-BF4B-00C04F79EFBC}") = "EI_OpgaveApp.UWP", "EI OpgaveApp\EI_OpgaveApp.UWP\EI_OpgaveApp.UWP.csproj", "{E8FF10DB-1742-4B24-B939-6B57BF16B754}"
EndProject
Project("{FAE04EC0-301F-11D3-BF4B-00C04F79EFBC}") = "EI_OpgaveApp.iOS", "EI OpgaveApp\EI_OpgaveApp.iOS\EI_OpgaveApp.iOS.csproj", "{91776E87-A45F-4A2C-A556-C8EFC11A8858}"
EndProject
Global
	GlobalSection(SolutionConfigurationPlatforms) = preSolution
		Ad-Hoc|Any CPU = Ad-Hoc|Any CPU
		Ad-Hoc|ARM = Ad-Hoc|ARM
		Ad-Hoc|iPhone = Ad-Hoc|iPhone
		Ad-Hoc|iPhoneSimulator = Ad-Hoc|iPhoneSimulator
		Ad-Hoc|x64 = Ad-Hoc|x64
		Ad-Hoc|x86 = Ad-Hoc|x86
		AppStore|Any CPU = AppStore|Any CPU
		AppStore|ARM = AppStore|ARM
		AppStore|iPhone = AppStore|iPhone
		AppStore|iPhoneSimulator = AppStore|iPhoneSimulator
		AppStore|x64 = AppStore|x64
		AppStore|x86 = AppStore|x86
		Debug|Any CPU = Debug|Any CPU
		Debug|ARM = Debug|ARM
		Debug|iPhone = Debug|iPhone
		Debug|iPhoneSimulator = Debug|iPhoneSimulator
		Debug|x64 = Debug|x64
		Debug|x86 = Debug|x86
		Release|Any CPU = Release|Any CPU
		Release|ARM = Release|ARM
		Release|iPhone = Release|iPhone
		Release|iPhoneSimulator = Release|iPhoneSimulator
		Release|x64 = Release|x64
		Release|x86 = Release|x86
	EndGlobalSection
	GlobalSection(ProjectConfigurationPlatforms) = postSolution
		{A7017111-4CE1-4F8B-8CAA-8ED8AEDE00DC}.Ad-Hoc|Any CPU.ActiveCfg = Release|Any CPU
		{A7017111-4CE1-4F8B-8CAA-8ED8AEDE00DC}.Ad-Hoc|Any CPU.Build.0 = Release|Any CPU
		{A7017111-4CE1-4F8B-8CAA-8ED8AEDE00DC}.Ad-Hoc|Any CPU.Deploy.0 = Release|Any CPU
		{A7017111-4CE1-4F8B-8CAA-8ED8AEDE00DC}.Ad-Hoc|ARM.ActiveCfg = Release|Any CPU
		{A7017111-4CE1-4F8B-8CAA-8ED8AEDE00DC}.Ad-Hoc|ARM.Build.0 = Release|Any CPU
		{A7017111-4CE1-4F8B-8CAA-8ED8AEDE00DC}.Ad-Hoc|ARM.Deploy.0 = Release|Any CPU
		{A7017111-4CE1-4F8B-8CAA-8ED8AEDE00DC}.Ad-Hoc|iPhone.ActiveCfg = Release|Any CPU
		{A7017111-4CE1-4F8B-8CAA-8ED8AEDE00DC}.Ad-Hoc|iPhone.Build.0 = Release|Any CPU
		{A7017111-4CE1-4F8B-8CAA-8ED8AEDE00DC}.Ad-Hoc|iPhone.Deploy.0 = Release|Any CPU
		{A7017111-4CE1-4F8B-8CAA-8ED8AEDE00DC}.Ad-Hoc|iPhoneSimulator.ActiveCfg = Release|Any CPU
		{A7017111-4CE1-4F8B-8CAA-8ED8AEDE00DC}.Ad-Hoc|iPhoneSimulator.Build.0 = Release|Any CPU
		{A7017111-4CE1-4F8B-8CAA-8ED8AEDE00DC}.Ad-Hoc|iPhoneSimulator.Deploy.0 = Release|Any CPU
		{A7017111-4CE1-4F8B-8CAA-8ED8AEDE00DC}.Ad-Hoc|x64.ActiveCfg = Release|Any CPU
		{A7017111-4CE1-4F8B-8CAA-8ED8AEDE00DC}.Ad-Hoc|x64.Build.0 = Release|Any CPU
		{A7017111-4CE1-4F8B-8CAA-8ED8AEDE00DC}.Ad-Hoc|x64.Deploy.0 = Release|Any CPU
		{A7017111-4CE1-4F8B-8CAA-8ED8AEDE00DC}.Ad-Hoc|x86.ActiveCfg = Release|Any CPU
		{A7017111-4CE1-4F8B-8CAA-8ED8AEDE00DC}.Ad-Hoc|x86.Build.0 = Release|Any CPU
		{A7017111-4CE1-4F8B-8CAA-8ED8AEDE00DC}.Ad-Hoc|x86.Deploy.0 = Release|Any CPU
		{A7017111-4CE1-4F8B-8CAA-8ED8AEDE00DC}.AppStore|Any CPU.ActiveCfg = Release|Any CPU
		{A7017111-4CE1-4F8B-8CAA-8ED8AEDE00DC}.AppStore|Any CPU.Build.0 = Release|Any CPU
		{A7017111-4CE1-4F8B-8CAA-8ED8AEDE00DC}.AppStore|Any CPU.Deploy.0 = Release|Any CPU
		{A7017111-4CE1-4F8B-8CAA-8ED8AEDE00DC}.AppStore|ARM.ActiveCfg = Release|Any CPU
		{A7017111-4CE1-4F8B-8CAA-8ED8AEDE00DC}.AppStore|ARM.Build.0 = Release|Any CPU
		{A7017111-4CE1-4F8B-8CAA-8ED8AEDE00DC}.AppStore|ARM.Deploy.0 = Release|Any CPU
		{A7017111-4CE1-4F8B-8CAA-8ED8AEDE00DC}.AppStore|iPhone.ActiveCfg = Release|Any CPU
		{A7017111-4CE1-4F8B-8CAA-8ED8AEDE00DC}.AppStore|iPhone.Build.0 = Release|Any CPU
		{A7017111-4CE1-4F8B-8CAA-8ED8AEDE00DC}.AppStore|iPhone.Deploy.0 = Release|Any CPU
		{A7017111-4CE1-4F8B-8CAA-8ED8AEDE00DC}.AppStore|iPhoneSimulator.ActiveCfg = Release|Any CPU
		{A7017111-4CE1-4F8B-8CAA-8ED8AEDE00DC}.AppStore|iPhoneSimulator.Build.0 = Release|Any CPU
		{A7017111-4CE1-4F8B-8CAA-8ED8AEDE00DC}.AppStore|iPhoneSimulator.Deploy.0 = Release|Any CPU
		{A7017111-4CE1-4F8B-8CAA-8ED8AEDE00DC}.AppStore|x64.ActiveCfg = Release|Any CPU
		{A7017111-4CE1-4F8B-8CAA-8ED8AEDE00DC}.AppStore|x64.Build.0 = Release|Any CPU
		{A7017111-4CE1-4F8B-8CAA-8ED8AEDE00DC}.AppStore|x64.Deploy.0 = Release|Any CPU
		{A7017111-4CE1-4F8B-8CAA-8ED8AEDE00DC}.AppStore|x86.ActiveCfg = Release|Any CPU
		{A7017111-4CE1-4F8B-8CAA-8ED8AEDE00DC}.AppStore|x86.Build.0 = Release|Any CPU
		{A7017111-4CE1-4F8B-8CAA-8ED8AEDE00DC}.AppStore|x86.Deploy.0 = Release|Any CPU
		{A7017111-4CE1-4F8B-8CAA-8ED8AEDE00DC}.Debug|Any CPU.ActiveCfg = Debug|Any CPU
		{A7017111-4CE1-4F8B-8CAA-8ED8AEDE00DC}.Debug|Any CPU.Build.0 = Debug|Any CPU
		{A7017111-4CE1-4F8B-8CAA-8ED8AEDE00DC}.Debug|Any CPU.Deploy.0 = Debug|Any CPU
		{A7017111-4CE1-4F8B-8CAA-8ED8AEDE00DC}.Debug|ARM.ActiveCfg = Debug|Any CPU
		{A7017111-4CE1-4F8B-8CAA-8ED8AEDE00DC}.Debug|ARM.Build.0 = Debug|Any CPU
		{A7017111-4CE1-4F8B-8CAA-8ED8AEDE00DC}.Debug|ARM.Deploy.0 = Debug|Any CPU
		{A7017111-4CE1-4F8B-8CAA-8ED8AEDE00DC}.Debug|iPhone.ActiveCfg = Debug|Any CPU
		{A7017111-4CE1-4F8B-8CAA-8ED8AEDE00DC}.Debug|iPhone.Build.0 = Debug|Any CPU
		{A7017111-4CE1-4F8B-8CAA-8ED8AEDE00DC}.Debug|iPhone.Deploy.0 = Debug|Any CPU
		{A7017111-4CE1-4F8B-8CAA-8ED8AEDE00DC}.Debug|iPhoneSimulator.ActiveCfg = Debug|Any CPU
		{A7017111-4CE1-4F8B-8CAA-8ED8AEDE00DC}.Debug|iPhoneSimulator.Build.0 = Debug|Any CPU
		{A7017111-4CE1-4F8B-8CAA-8ED8AEDE00DC}.Debug|iPhoneSimulator.Deploy.0 = Debug|Any CPU
		{A7017111-4CE1-4F8B-8CAA-8ED8AEDE00DC}.Debug|x64.ActiveCfg = Debug|Any CPU
		{A7017111-4CE1-4F8B-8CAA-8ED8AEDE00DC}.Debug|x64.Build.0 = Debug|Any CPU
		{A7017111-4CE1-4F8B-8CAA-8ED8AEDE00DC}.Debug|x64.Deploy.0 = Debug|Any CPU
		{A7017111-4CE1-4F8B-8CAA-8ED8AEDE00DC}.Debug|x86.ActiveCfg = Debug|Any CPU
		{A7017111-4CE1-4F8B-8CAA-8ED8AEDE00DC}.Debug|x86.Build.0 = Debug|Any CPU
		{A7017111-4CE1-4F8B-8CAA-8ED8AEDE00DC}.Debug|x86.Deploy.0 = Debug|Any CPU
		{A7017111-4CE1-4F8B-8CAA-8ED8AEDE00DC}.Release|Any CPU.ActiveCfg = Release|Any CPU
		{A7017111-4CE1-4F8B-8CAA-8ED8AEDE00DC}.Release|Any CPU.Build.0 = Release|Any CPU
		{A7017111-4CE1-4F8B-8CAA-8ED8AEDE00DC}.Release|Any CPU.Deploy.0 = Release|Any CPU
		{A7017111-4CE1-4F8B-8CAA-8ED8AEDE00DC}.Release|ARM.ActiveCfg = Release|Any CPU
		{A7017111-4CE1-4F8B-8CAA-8ED8AEDE00DC}.Release|ARM.Build.0 = Release|Any CPU
		{A7017111-4CE1-4F8B-8CAA-8ED8AEDE00DC}.Release|ARM.Deploy.0 = Release|Any CPU
		{A7017111-4CE1-4F8B-8CAA-8ED8AEDE00DC}.Release|iPhone.ActiveCfg = Release|Any CPU
		{A7017111-4CE1-4F8B-8CAA-8ED8AEDE00DC}.Release|iPhone.Build.0 = Release|Any CPU
		{A7017111-4CE1-4F8B-8CAA-8ED8AEDE00DC}.Release|iPhone.Deploy.0 = Release|Any CPU
		{A7017111-4CE1-4F8B-8CAA-8ED8AEDE00DC}.Release|iPhoneSimulator.ActiveCfg = Release|Any CPU
		{A7017111-4CE1-4F8B-8CAA-8ED8AEDE00DC}.Release|iPhoneSimulator.Build.0 = Release|Any CPU
		{A7017111-4CE1-4F8B-8CAA-8ED8AEDE00DC}.Release|iPhoneSimulator.Deploy.0 = Release|Any CPU
		{A7017111-4CE1-4F8B-8CAA-8ED8AEDE00DC}.Release|x64.ActiveCfg = Release|Any CPU
		{A7017111-4CE1-4F8B-8CAA-8ED8AEDE00DC}.Release|x64.Build.0 = Release|Any CPU
		{A7017111-4CE1-4F8B-8CAA-8ED8AEDE00DC}.Release|x64.Deploy.0 = Release|Any CPU
		{A7017111-4CE1-4F8B-8CAA-8ED8AEDE00DC}.Release|x86.ActiveCfg = Release|Any CPU
		{A7017111-4CE1-4F8B-8CAA-8ED8AEDE00DC}.Release|x86.Build.0 = Release|Any CPU
		{A7017111-4CE1-4F8B-8CAA-8ED8AEDE00DC}.Release|x86.Deploy.0 = Release|Any CPU
		{AE01FDFC-AF49-4A09-B102-A93A41EB628B}.Ad-Hoc|Any CPU.ActiveCfg = Release|Any CPU
		{AE01FDFC-AF49-4A09-B102-A93A41EB628B}.Ad-Hoc|Any CPU.Build.0 = Release|Any CPU
		{AE01FDFC-AF49-4A09-B102-A93A41EB628B}.Ad-Hoc|ARM.ActiveCfg = Release|Any CPU
		{AE01FDFC-AF49-4A09-B102-A93A41EB628B}.Ad-Hoc|ARM.Build.0 = Release|Any CPU
		{AE01FDFC-AF49-4A09-B102-A93A41EB628B}.Ad-Hoc|iPhone.ActiveCfg = Release|Any CPU
		{AE01FDFC-AF49-4A09-B102-A93A41EB628B}.Ad-Hoc|iPhone.Build.0 = Release|Any CPU
		{AE01FDFC-AF49-4A09-B102-A93A41EB628B}.Ad-Hoc|iPhoneSimulator.ActiveCfg = Release|Any CPU
		{AE01FDFC-AF49-4A09-B102-A93A41EB628B}.Ad-Hoc|iPhoneSimulator.Build.0 = Release|Any CPU
		{AE01FDFC-AF49-4A09-B102-A93A41EB628B}.Ad-Hoc|x64.ActiveCfg = Release|Any CPU
		{AE01FDFC-AF49-4A09-B102-A93A41EB628B}.Ad-Hoc|x64.Build.0 = Release|Any CPU
		{AE01FDFC-AF49-4A09-B102-A93A41EB628B}.Ad-Hoc|x86.ActiveCfg = Release|Any CPU
		{AE01FDFC-AF49-4A09-B102-A93A41EB628B}.Ad-Hoc|x86.Build.0 = Release|Any CPU
		{AE01FDFC-AF49-4A09-B102-A93A41EB628B}.AppStore|Any CPU.ActiveCfg = Release|Any CPU
		{AE01FDFC-AF49-4A09-B102-A93A41EB628B}.AppStore|Any CPU.Build.0 = Release|Any CPU
		{AE01FDFC-AF49-4A09-B102-A93A41EB628B}.AppStore|ARM.ActiveCfg = Release|Any CPU
		{AE01FDFC-AF49-4A09-B102-A93A41EB628B}.AppStore|ARM.Build.0 = Release|Any CPU
		{AE01FDFC-AF49-4A09-B102-A93A41EB628B}.AppStore|iPhone.ActiveCfg = Release|Any CPU
		{AE01FDFC-AF49-4A09-B102-A93A41EB628B}.AppStore|iPhone.Build.0 = Release|Any CPU
		{AE01FDFC-AF49-4A09-B102-A93A41EB628B}.AppStore|iPhoneSimulator.ActiveCfg = Release|Any CPU
		{AE01FDFC-AF49-4A09-B102-A93A41EB628B}.AppStore|iPhoneSimulator.Build.0 = Release|Any CPU
		{AE01FDFC-AF49-4A09-B102-A93A41EB628B}.AppStore|x64.ActiveCfg = Release|Any CPU
		{AE01FDFC-AF49-4A09-B102-A93A41EB628B}.AppStore|x64.Build.0 = Release|Any CPU
		{AE01FDFC-AF49-4A09-B102-A93A41EB628B}.AppStore|x86.ActiveCfg = Release|Any CPU
		{AE01FDFC-AF49-4A09-B102-A93A41EB628B}.AppStore|x86.Build.0 = Release|Any CPU
		{AE01FDFC-AF49-4A09-B102-A93A41EB628B}.Debug|Any CPU.ActiveCfg = Debug|Any CPU
		{AE01FDFC-AF49-4A09-B102-A93A41EB628B}.Debug|Any CPU.Build.0 = Debug|Any CPU
		{AE01FDFC-AF49-4A09-B102-A93A41EB628B}.Debug|ARM.ActiveCfg = Debug|Any CPU
		{AE01FDFC-AF49-4A09-B102-A93A41EB628B}.Debug|ARM.Build.0 = Debug|Any CPU
		{AE01FDFC-AF49-4A09-B102-A93A41EB628B}.Debug|iPhone.ActiveCfg = Debug|Any CPU
		{AE01FDFC-AF49-4A09-B102-A93A41EB628B}.Debug|iPhone.Build.0 = Debug|Any CPU
		{AE01FDFC-AF49-4A09-B102-A93A41EB628B}.Debug|iPhoneSimulator.ActiveCfg = Debug|Any CPU
		{AE01FDFC-AF49-4A09-B102-A93A41EB628B}.Debug|iPhoneSimulator.Build.0 = Debug|Any CPU
		{AE01FDFC-AF49-4A09-B102-A93A41EB628B}.Debug|x64.ActiveCfg = Debug|Any CPU
		{AE01FDFC-AF49-4A09-B102-A93A41EB628B}.Debug|x64.Build.0 = Debug|Any CPU
		{AE01FDFC-AF49-4A09-B102-A93A41EB628B}.Debug|x86.ActiveCfg = Debug|Any CPU
		{AE01FDFC-AF49-4A09-B102-A93A41EB628B}.Debug|x86.Build.0 = Debug|Any CPU
		{AE01FDFC-AF49-4A09-B102-A93A41EB628B}.Release|Any CPU.ActiveCfg = Release|Any CPU
		{AE01FDFC-AF49-4A09-B102-A93A41EB628B}.Release|Any CPU.Build.0 = Release|Any CPU
		{AE01FDFC-AF49-4A09-B102-A93A41EB628B}.Release|ARM.ActiveCfg = Release|Any CPU
		{AE01FDFC-AF49-4A09-B102-A93A41EB628B}.Release|ARM.Build.0 = Release|Any CPU
		{AE01FDFC-AF49-4A09-B102-A93A41EB628B}.Release|iPhone.ActiveCfg = Release|Any CPU
		{AE01FDFC-AF49-4A09-B102-A93A41EB628B}.Release|iPhone.Build.0 = Release|Any CPU
		{AE01FDFC-AF49-4A09-B102-A93A41EB628B}.Release|iPhoneSimulator.ActiveCfg = Release|Any CPU
		{AE01FDFC-AF49-4A09-B102-A93A41EB628B}.Release|iPhoneSimulator.Build.0 = Release|Any CPU
		{AE01FDFC-AF49-4A09-B102-A93A41EB628B}.Release|x64.ActiveCfg = Release|Any CPU
		{AE01FDFC-AF49-4A09-B102-A93A41EB628B}.Release|x64.Build.0 = Release|Any CPU
		{AE01FDFC-AF49-4A09-B102-A93A41EB628B}.Release|x86.ActiveCfg = Release|Any CPU
		{AE01FDFC-AF49-4A09-B102-A93A41EB628B}.Release|x86.Build.0 = Release|Any CPU
		{E8FF10DB-1742-4B24-B939-6B57BF16B754}.Ad-Hoc|Any CPU.ActiveCfg = Release|x86
		{E8FF10DB-1742-4B24-B939-6B57BF16B754}.Ad-Hoc|Any CPU.Build.0 = Release|x86
		{E8FF10DB-1742-4B24-B939-6B57BF16B754}.Ad-Hoc|Any CPU.Deploy.0 = Release|x86
		{E8FF10DB-1742-4B24-B939-6B57BF16B754}.Ad-Hoc|ARM.ActiveCfg = Release|ARM
		{E8FF10DB-1742-4B24-B939-6B57BF16B754}.Ad-Hoc|ARM.Build.0 = Release|ARM
		{E8FF10DB-1742-4B24-B939-6B57BF16B754}.Ad-Hoc|ARM.Deploy.0 = Release|ARM
		{E8FF10DB-1742-4B24-B939-6B57BF16B754}.Ad-Hoc|iPhone.ActiveCfg = Release|x86
		{E8FF10DB-1742-4B24-B939-6B57BF16B754}.Ad-Hoc|iPhone.Build.0 = Release|x86
		{E8FF10DB-1742-4B24-B939-6B57BF16B754}.Ad-Hoc|iPhone.Deploy.0 = Release|x86
		{E8FF10DB-1742-4B24-B939-6B57BF16B754}.Ad-Hoc|iPhoneSimulator.ActiveCfg = Release|x86
		{E8FF10DB-1742-4B24-B939-6B57BF16B754}.Ad-Hoc|iPhoneSimulator.Build.0 = Release|x86
		{E8FF10DB-1742-4B24-B939-6B57BF16B754}.Ad-Hoc|iPhoneSimulator.Deploy.0 = Release|x86
		{E8FF10DB-1742-4B24-B939-6B57BF16B754}.Ad-Hoc|x64.ActiveCfg = Release|x64
		{E8FF10DB-1742-4B24-B939-6B57BF16B754}.Ad-Hoc|x64.Build.0 = Release|x64
		{E8FF10DB-1742-4B24-B939-6B57BF16B754}.Ad-Hoc|x64.Deploy.0 = Release|x64
		{E8FF10DB-1742-4B24-B939-6B57BF16B754}.Ad-Hoc|x86.ActiveCfg = Release|x86
		{E8FF10DB-1742-4B24-B939-6B57BF16B754}.Ad-Hoc|x86.Build.0 = Release|x86
		{E8FF10DB-1742-4B24-B939-6B57BF16B754}.Ad-Hoc|x86.Deploy.0 = Release|x86
		{E8FF10DB-1742-4B24-B939-6B57BF16B754}.AppStore|Any CPU.ActiveCfg = Release|x86
		{E8FF10DB-1742-4B24-B939-6B57BF16B754}.AppStore|Any CPU.Build.0 = Release|x86
		{E8FF10DB-1742-4B24-B939-6B57BF16B754}.AppStore|Any CPU.Deploy.0 = Release|x86
		{E8FF10DB-1742-4B24-B939-6B57BF16B754}.AppStore|ARM.ActiveCfg = Release|ARM
		{E8FF10DB-1742-4B24-B939-6B57BF16B754}.AppStore|ARM.Build.0 = Release|ARM
		{E8FF10DB-1742-4B24-B939-6B57BF16B754}.AppStore|ARM.Deploy.0 = Release|ARM
		{E8FF10DB-1742-4B24-B939-6B57BF16B754}.AppStore|iPhone.ActiveCfg = Release|x86
		{E8FF10DB-1742-4B24-B939-6B57BF16B754}.AppStore|iPhone.Build.0 = Release|x86
		{E8FF10DB-1742-4B24-B939-6B57BF16B754}.AppStore|iPhone.Deploy.0 = Release|x86
		{E8FF10DB-1742-4B24-B939-6B57BF16B754}.AppStore|iPhoneSimulator.ActiveCfg = Release|x86
		{E8FF10DB-1742-4B24-B939-6B57BF16B754}.AppStore|iPhoneSimulator.Build.0 = Release|x86
		{E8FF10DB-1742-4B24-B939-6B57BF16B754}.AppStore|iPhoneSimulator.Deploy.0 = Release|x86
		{E8FF10DB-1742-4B24-B939-6B57BF16B754}.AppStore|x64.ActiveCfg = Release|x64
		{E8FF10DB-1742-4B24-B939-6B57BF16B754}.AppStore|x64.Build.0 = Release|x64
		{E8FF10DB-1742-4B24-B939-6B57BF16B754}.AppStore|x64.Deploy.0 = Release|x64
		{E8FF10DB-1742-4B24-B939-6B57BF16B754}.AppStore|x86.ActiveCfg = Release|x86
		{E8FF10DB-1742-4B24-B939-6B57BF16B754}.AppStore|x86.Build.0 = Release|x86
		{E8FF10DB-1742-4B24-B939-6B57BF16B754}.AppStore|x86.Deploy.0 = Release|x86
		{E8FF10DB-1742-4B24-B939-6B57BF16B754}.Debug|Any CPU.ActiveCfg = Debug|x86
		{E8FF10DB-1742-4B24-B939-6B57BF16B754}.Debug|ARM.ActiveCfg = Debug|ARM
		{E8FF10DB-1742-4B24-B939-6B57BF16B754}.Debug|ARM.Build.0 = Debug|ARM
		{E8FF10DB-1742-4B24-B939-6B57BF16B754}.Debug|ARM.Deploy.0 = Debug|ARM
		{E8FF10DB-1742-4B24-B939-6B57BF16B754}.Debug|iPhone.ActiveCfg = Debug|x86
		{E8FF10DB-1742-4B24-B939-6B57BF16B754}.Debug|iPhoneSimulator.ActiveCfg = Debug|x86
		{E8FF10DB-1742-4B24-B939-6B57BF16B754}.Debug|x64.ActiveCfg = Debug|x64
		{E8FF10DB-1742-4B24-B939-6B57BF16B754}.Debug|x64.Build.0 = Debug|x64
		{E8FF10DB-1742-4B24-B939-6B57BF16B754}.Debug|x64.Deploy.0 = Debug|x64
		{E8FF10DB-1742-4B24-B939-6B57BF16B754}.Debug|x86.ActiveCfg = Debug|x86
		{E8FF10DB-1742-4B24-B939-6B57BF16B754}.Debug|x86.Build.0 = Debug|x86
		{E8FF10DB-1742-4B24-B939-6B57BF16B754}.Debug|x86.Deploy.0 = Debug|x86
		{E8FF10DB-1742-4B24-B939-6B57BF16B754}.Release|Any CPU.ActiveCfg = Release|x86
		{E8FF10DB-1742-4B24-B939-6B57BF16B754}.Release|ARM.ActiveCfg = Release|ARM
		{E8FF10DB-1742-4B24-B939-6B57BF16B754}.Release|ARM.Build.0 = Release|ARM
		{E8FF10DB-1742-4B24-B939-6B57BF16B754}.Release|ARM.Deploy.0 = Release|ARM
		{E8FF10DB-1742-4B24-B939-6B57BF16B754}.Release|iPhone.ActiveCfg = Release|x86
		{E8FF10DB-1742-4B24-B939-6B57BF16B754}.Release|iPhoneSimulator.ActiveCfg = Release|x86
		{E8FF10DB-1742-4B24-B939-6B57BF16B754}.Release|x64.ActiveCfg = Release|x64
		{E8FF10DB-1742-4B24-B939-6B57BF16B754}.Release|x64.Build.0 = Release|x64
		{E8FF10DB-1742-4B24-B939-6B57BF16B754}.Release|x64.Deploy.0 = Release|x64
		{E8FF10DB-1742-4B24-B939-6B57BF16B754}.Release|x86.ActiveCfg = Release|x86
		{E8FF10DB-1742-4B24-B939-6B57BF16B754}.Release|x86.Build.0 = Release|x86
		{E8FF10DB-1742-4B24-B939-6B57BF16B754}.Release|x86.Deploy.0 = Release|x86
		{91776E87-A45F-4A2C-A556-C8EFC11A8858}.Ad-Hoc|Any CPU.ActiveCfg = Ad-Hoc|iPhone
		{91776E87-A45F-4A2C-A556-C8EFC11A8858}.Ad-Hoc|ARM.ActiveCfg = Ad-Hoc|iPhone
		{91776E87-A45F-4A2C-A556-C8EFC11A8858}.Ad-Hoc|iPhone.ActiveCfg = Ad-Hoc|iPhone
		{91776E87-A45F-4A2C-A556-C8EFC11A8858}.Ad-Hoc|iPhone.Build.0 = Ad-Hoc|iPhone
		{91776E87-A45F-4A2C-A556-C8EFC11A8858}.Ad-Hoc|iPhoneSimulator.ActiveCfg = Ad-Hoc|iPhoneSimulator
		{91776E87-A45F-4A2C-A556-C8EFC11A8858}.Ad-Hoc|iPhoneSimulator.Build.0 = Ad-Hoc|iPhoneSimulator
		{91776E87-A45F-4A2C-A556-C8EFC11A8858}.Ad-Hoc|x64.ActiveCfg = Ad-Hoc|iPhone
		{91776E87-A45F-4A2C-A556-C8EFC11A8858}.Ad-Hoc|x86.ActiveCfg = Ad-Hoc|iPhone
		{91776E87-A45F-4A2C-A556-C8EFC11A8858}.AppStore|Any CPU.ActiveCfg = AppStore|iPhone
		{91776E87-A45F-4A2C-A556-C8EFC11A8858}.AppStore|ARM.ActiveCfg = AppStore|iPhone
		{91776E87-A45F-4A2C-A556-C8EFC11A8858}.AppStore|iPhone.ActiveCfg = AppStore|iPhone
		{91776E87-A45F-4A2C-A556-C8EFC11A8858}.AppStore|iPhone.Build.0 = AppStore|iPhone
		{91776E87-A45F-4A2C-A556-C8EFC11A8858}.AppStore|iPhoneSimulator.ActiveCfg = AppStore|iPhoneSimulator
		{91776E87-A45F-4A2C-A556-C8EFC11A8858}.AppStore|iPhoneSimulator.Build.0 = AppStore|iPhoneSimulator
		{91776E87-A45F-4A2C-A556-C8EFC11A8858}.AppStore|x64.ActiveCfg = AppStore|iPhone
		{91776E87-A45F-4A2C-A556-C8EFC11A8858}.AppStore|x86.ActiveCfg = AppStore|iPhone
		{91776E87-A45F-4A2C-A556-C8EFC11A8858}.Debug|Any CPU.ActiveCfg = Debug|iPhone
		{91776E87-A45F-4A2C-A556-C8EFC11A8858}.Debug|ARM.ActiveCfg = Debug|iPhone
		{91776E87-A45F-4A2C-A556-C8EFC11A8858}.Debug|iPhone.ActiveCfg = Debug|iPhone
		{91776E87-A45F-4A2C-A556-C8EFC11A8858}.Debug|iPhone.Build.0 = Debug|iPhone
		{91776E87-A45F-4A2C-A556-C8EFC11A8858}.Debug|iPhoneSimulator.ActiveCfg = Debug|iPhoneSimulator
		{91776E87-A45F-4A2C-A556-C8EFC11A8858}.Debug|iPhoneSimulator.Build.0 = Debug|iPhoneSimulator
		{91776E87-A45F-4A2C-A556-C8EFC11A8858}.Debug|x64.ActiveCfg = Debug|iPhone
		{91776E87-A45F-4A2C-A556-C8EFC11A8858}.Debug|x86.ActiveCfg = Debug|iPhone
		{91776E87-A45F-4A2C-A556-C8EFC11A8858}.Release|Any CPU.ActiveCfg = Release|iPhone
		{91776E87-A45F-4A2C-A556-C8EFC11A8858}.Release|ARM.ActiveCfg = Release|iPhone
		{91776E87-A45F-4A2C-A556-C8EFC11A8858}.Release|iPhone.ActiveCfg = Release|iPhone
		{91776E87-A45F-4A2C-A556-C8EFC11A8858}.Release|iPhone.Build.0 = Release|iPhone
		{91776E87-A45F-4A2C-A556-C8EFC11A8858}.Release|iPhoneSimulator.ActiveCfg = Release|iPhoneSimulator
		{91776E87-A45F-4A2C-A556-C8EFC11A8858}.Release|iPhoneSimulator.Build.0 = Release|iPhoneSimulator
		{91776E87-A45F-4A2C-A556-C8EFC11A8858}.Release|x64.ActiveCfg = Release|iPhone
		{91776E87-A45F-4A2C-A556-C8EFC11A8858}.Release|x86.ActiveCfg = Release|iPhone
	EndGlobalSection
	GlobalSection(SolutionProperties) = preSolution
		HideSolutionNode = FALSE
	EndGlobalSection
EndGlobal
